
Microsoft Visual Studio Solution File, Format Version 11.00
# Visual Studio 2010
Project("{FAE04EC0-301F-11D3-BF4B-00C04F79EFBC}") = "UrbanAirship", "UrbanAirship\UrbanAirship.csproj", "{31EE1AC2-AD3B-4FE9-A677-396395671FEE}"
EndProject
Project("{FAE04EC0-301F-11D3-BF4B-00C04F79EFBC}") = "UrbanAirshipSamples", "UrbanAirshipSamples\UrbanAirshipSamples.csproj", "{D3AE15FE-CFEE-4486-8181-1B4EB2D61989}"
EndProject
Global
	GlobalSection(SolutionConfigurationPlatforms) = preSolution
		Debug|Any CPU = Debug|Any CPU
		Debug|Mixed Platforms = Debug|Mixed Platforms
		Debug|x86 = Debug|x86
		Release|Any CPU = Release|Any CPU
		Release|Mixed Platforms = Release|Mixed Platforms
		Release|x86 = Release|x86
	EndGlobalSection
	GlobalSection(ProjectConfigurationPlatforms) = postSolution
		{31EE1AC2-AD3B-4FE9-A677-396395671FEE}.Debug|Any CPU.ActiveCfg = Debug|Any CPU
		{31EE1AC2-AD3B-4FE9-A677-396395671FEE}.Debug|Any CPU.Build.0 = Debug|Any CPU
		{31EE1AC2-AD3B-4FE9-A677-396395671FEE}.Debug|Mixed Platforms.ActiveCfg = Debug|Any CPU
		{31EE1AC2-AD3B-4FE9-A677-396395671FEE}.Debug|Mixed Platforms.Build.0 = Debug|Any CPU
		{31EE1AC2-AD3B-4FE9-A677-396395671FEE}.Debug|x86.ActiveCfg = Debug|Any CPU
		{31EE1AC2-AD3B-4FE9-A677-396395671FEE}.Release|Any CPU.ActiveCfg = Release|Any CPU
		{31EE1AC2-AD3B-4FE9-A677-396395671FEE}.Release|Any CPU.Build.0 = Release|Any CPU
		{31EE1AC2-AD3B-4FE9-A677-396395671FEE}.Release|Mixed Platforms.ActiveCfg = Release|Any CPU
		{31EE1AC2-AD3B-4FE9-A677-396395671FEE}.Release|Mixed Platforms.Build.0 = Release|Any CPU
		{31EE1AC2-AD3B-4FE9-A677-396395671FEE}.Release|x86.ActiveCfg = Release|Any CPU
		{D3AE15FE-CFEE-4486-8181-1B4EB2D61989}.Debug|Any CPU.ActiveCfg = Debug|x86
		{D3AE15FE-CFEE-4486-8181-1B4EB2D61989}.Debug|Mixed Platforms.ActiveCfg = Debug|x86
		{D3AE15FE-CFEE-4486-8181-1B4EB2D61989}.Debug|Mixed Platforms.Build.0 = Debug|x86
		{D3AE15FE-CFEE-4486-8181-1B4EB2D61989}.Debug|x86.ActiveCfg = Debug|x86
		{D3AE15FE-CFEE-4486-8181-1B4EB2D61989}.Debug|x86.Build.0 = Debug|x86
		{D3AE15FE-CFEE-4486-8181-1B4EB2D61989}.Release|Any CPU.ActiveCfg = Release|x86
		{D3AE15FE-CFEE-4486-8181-1B4EB2D61989}.Release|Mixed Platforms.ActiveCfg = Release|x86
		{D3AE15FE-CFEE-4486-8181-1B4EB2D61989}.Release|Mixed Platforms.Build.0 = Release|x86
		{D3AE15FE-CFEE-4486-8181-1B4EB2D61989}.Release|x86.ActiveCfg = Release|x86
		{D3AE15FE-CFEE-4486-8181-1B4EB2D61989}.Release|x86.Build.0 = Release|x86
	EndGlobalSection
	GlobalSection(SolutionProperties) = preSolution
		HideSolutionNode = FALSE
	EndGlobalSection
EndGlobal
